
Microsoft Visual Studio Solution File, Format Version 12.00
# Visual Studio Version 17
VisualStudioVersion = 17.9.34616.47
MinimumVisualStudioVersion = 10.0.40219.1
Project("{FAE04EC0-301F-11D3-BF4B-00C04F79EFBC}") = "1013-O-Maior", "1013-O-Maior\1013-O-Maior.csproj", "{1ACDFAA0-C135-4DA2-9C66-E5D57B0D6CDD}"
EndProject
Global
	GlobalSection(SolutionConfigurationPlatforms) = preSolution
		Debug|Any CPU = Debug|Any CPU
		Release|Any CPU = Release|Any CPU
	EndGlobalSection
	GlobalSection(ProjectConfigurationPlatforms) = postSolution
		{1ACDFAA0-C135-4DA2-9C66-E5D57B0D6CDD}.Debug|Any CPU.ActiveCfg = Debug|Any CPU
		{1ACDFAA0-C135-4DA2-9C66-E5D57B0D6CDD}.Debug|Any CPU.Build.0 = Debug|Any CPU
		{1ACDFAA0-C135-4DA2-9C66-E5D57B0D6CDD}.Release|Any CPU.ActiveCfg = Release|Any CPU
		{1ACDFAA0-C135-4DA2-9C66-E5D57B0D6CDD}.Release|Any CPU.Build.0 = Release|Any CPU
	EndGlobalSection
	GlobalSection(SolutionProperties) = preSolution
		HideSolutionNode = FALSE
	EndGlobalSection
	GlobalSection(ExtensibilityGlobals) = postSolution
		SolutionGuid = {62E98842-6DD0-4611-ACFD-16952171C561}
	EndGlobalSection
EndGlobal
