
Microsoft Visual Studio Solution File, Format Version 12.00
# Visual Studio Version 17
VisualStudioVersion = 17.9.34616.47
MinimumVisualStudioVersion = 10.0.40219.1
Project("{FAE04EC0-301F-11D3-BF4B-00C04F79EFBC}") = "1002-Area-Do-Circulo", "1002-Area-Do-Circulo\1002-Area-Do-Circulo.csproj", "{AD445A0E-34DD-43AF-8EA5-199C460BBBA8}"
EndProject
Global
	GlobalSection(SolutionConfigurationPlatforms) = preSolution
		Debug|Any CPU = Debug|Any CPU
		Release|Any CPU = Release|Any CPU
	EndGlobalSection
	GlobalSection(ProjectConfigurationPlatforms) = postSolution
		{AD445A0E-34DD-43AF-8EA5-199C460BBBA8}.Debug|Any CPU.ActiveCfg = Debug|Any CPU
		{AD445A0E-34DD-43AF-8EA5-199C460BBBA8}.Debug|Any CPU.Build.0 = Debug|Any CPU
		{AD445A0E-34DD-43AF-8EA5-199C460BBBA8}.Release|Any CPU.ActiveCfg = Release|Any CPU
		{AD445A0E-34DD-43AF-8EA5-199C460BBBA8}.Release|Any CPU.Build.0 = Release|Any CPU
	EndGlobalSection
	GlobalSection(SolutionProperties) = preSolution
		HideSolutionNode = FALSE
	EndGlobalSection
	GlobalSection(ExtensibilityGlobals) = postSolution
		SolutionGuid = {474E0D7F-2D70-4EC3-96B4-7784E153C95D}
	EndGlobalSection
EndGlobal
