
Microsoft Visual Studio Solution File, Format Version 12.00
# Visual Studio Version 17
VisualStudioVersion = 17.9.34616.47
MinimumVisualStudioVersion = 10.0.40219.1
Project("{FAE04EC0-301F-11D3-BF4B-00C04F79EFBC}") = "1046-Tempo-De-Jogo", "1046-Tempo-De-Jogo\1046-Tempo-De-Jogo.csproj", "{793A8DF2-578A-4EFD-8298-27AC228924D8}"
EndProject
Global
	GlobalSection(SolutionConfigurationPlatforms) = preSolution
		Debug|Any CPU = Debug|Any CPU
		Release|Any CPU = Release|Any CPU
	EndGlobalSection
	GlobalSection(ProjectConfigurationPlatforms) = postSolution
		{793A8DF2-578A-4EFD-8298-27AC228924D8}.Debug|Any CPU.ActiveCfg = Debug|Any CPU
		{793A8DF2-578A-4EFD-8298-27AC228924D8}.Debug|Any CPU.Build.0 = Debug|Any CPU
		{793A8DF2-578A-4EFD-8298-27AC228924D8}.Release|Any CPU.ActiveCfg = Release|Any CPU
		{793A8DF2-578A-4EFD-8298-27AC228924D8}.Release|Any CPU.Build.0 = Release|Any CPU
	EndGlobalSection
	GlobalSection(SolutionProperties) = preSolution
		HideSolutionNode = FALSE
	EndGlobalSection
	GlobalSection(ExtensibilityGlobals) = postSolution
		SolutionGuid = {F251A050-FFFD-4881-8E35-528E4A093BE3}
	EndGlobalSection
EndGlobal
