
Microsoft Visual Studio Solution File, Format Version 12.00
# Visual Studio Version 17
VisualStudioVersion = 17.9.34622.214
MinimumVisualStudioVersion = 10.0.40219.1
Project("{FAE04EC0-301F-11D3-BF4B-00C04F79EFBC}") = "1101-Soma-de-Numeros-e-Soma", "1101-Soma-de-Numeros-e-Soma\1101-Soma-de-Numeros-e-Soma.csproj", "{48C49654-043A-4B11-B2E6-4DD7EDC3287A}"
EndProject
Global
	GlobalSection(SolutionConfigurationPlatforms) = preSolution
		Debug|Any CPU = Debug|Any CPU
		Release|Any CPU = Release|Any CPU
	EndGlobalSection
	GlobalSection(ProjectConfigurationPlatforms) = postSolution
		{48C49654-043A-4B11-B2E6-4DD7EDC3287A}.Debug|Any CPU.ActiveCfg = Debug|Any CPU
		{48C49654-043A-4B11-B2E6-4DD7EDC3287A}.Debug|Any CPU.Build.0 = Debug|Any CPU
		{48C49654-043A-4B11-B2E6-4DD7EDC3287A}.Release|Any CPU.ActiveCfg = Release|Any CPU
		{48C49654-043A-4B11-B2E6-4DD7EDC3287A}.Release|Any CPU.Build.0 = Release|Any CPU
	EndGlobalSection
	GlobalSection(SolutionProperties) = preSolution
		HideSolutionNode = FALSE
	EndGlobalSection
	GlobalSection(ExtensibilityGlobals) = postSolution
		SolutionGuid = {AC03AE97-B9A0-4D01-9F49-4A2018E3A173}
	EndGlobalSection
EndGlobal
