
Microsoft Visual Studio Solution File, Format Version 12.00
# Visual Studio Version 17
VisualStudioVersion = 17.9.34616.47
MinimumVisualStudioVersion = 10.0.40219.1
Project("{FAE04EC0-301F-11D3-BF4B-00C04F79EFBC}") = "1048-Aumento-De-Salario", "1048-Aumento-De-Salario\1048-Aumento-De-Salario.csproj", "{98411FA6-A74D-4CB8-89C5-F94D034EEC33}"
EndProject
Global
	GlobalSection(SolutionConfigurationPlatforms) = preSolution
		Debug|Any CPU = Debug|Any CPU
		Release|Any CPU = Release|Any CPU
	EndGlobalSection
	GlobalSection(ProjectConfigurationPlatforms) = postSolution
		{98411FA6-A74D-4CB8-89C5-F94D034EEC33}.Debug|Any CPU.ActiveCfg = Debug|Any CPU
		{98411FA6-A74D-4CB8-89C5-F94D034EEC33}.Debug|Any CPU.Build.0 = Debug|Any CPU
		{98411FA6-A74D-4CB8-89C5-F94D034EEC33}.Release|Any CPU.ActiveCfg = Release|Any CPU
		{98411FA6-A74D-4CB8-89C5-F94D034EEC33}.Release|Any CPU.Build.0 = Release|Any CPU
	EndGlobalSection
	GlobalSection(SolutionProperties) = preSolution
		HideSolutionNode = FALSE
	EndGlobalSection
	GlobalSection(ExtensibilityGlobals) = postSolution
		SolutionGuid = {1529BB77-DB4A-43C6-A910-D0354E7A5B2A}
	EndGlobalSection
EndGlobal
