
Microsoft Visual Studio Solution File, Format Version 12.00
# Visual Studio Version 17
VisualStudioVersion = 17.9.34622.214
MinimumVisualStudioVersion = 10.0.40219.1
Project("{FAE04EC0-301F-11D3-BF4B-00C04F79EFBC}") = "1113-Crescente-e-Decrescente", "1113-Crescente-e-Decrescente\1113-Crescente-e-Decrescente.csproj", "{505CFCF5-BFF1-485C-83D1-06B3F928264B}"
EndProject
Global
	GlobalSection(SolutionConfigurationPlatforms) = preSolution
		Debug|Any CPU = Debug|Any CPU
		Release|Any CPU = Release|Any CPU
	EndGlobalSection
	GlobalSection(ProjectConfigurationPlatforms) = postSolution
		{505CFCF5-BFF1-485C-83D1-06B3F928264B}.Debug|Any CPU.ActiveCfg = Debug|Any CPU
		{505CFCF5-BFF1-485C-83D1-06B3F928264B}.Debug|Any CPU.Build.0 = Debug|Any CPU
		{505CFCF5-BFF1-485C-83D1-06B3F928264B}.Release|Any CPU.ActiveCfg = Release|Any CPU
		{505CFCF5-BFF1-485C-83D1-06B3F928264B}.Release|Any CPU.Build.0 = Release|Any CPU
	EndGlobalSection
	GlobalSection(SolutionProperties) = preSolution
		HideSolutionNode = FALSE
	EndGlobalSection
	GlobalSection(ExtensibilityGlobals) = postSolution
		SolutionGuid = {D1AD395A-EC30-41C8-BADD-A9D83968F8CA}
	EndGlobalSection
EndGlobal
