
Microsoft Visual Studio Solution File, Format Version 12.00
# Visual Studio Version 17
VisualStudioVersion = 17.9.34728.123
MinimumVisualStudioVersion = 10.0.40219.1
Project("{FAE04EC0-301F-11D3-BF4B-00C04F79EFBC}") = "1061-Tempo-De-Um-Evento", "1061-Tempo-De-Um-Evento\1061-Tempo-De-Um-Evento.csproj", "{15312227-1274-4C32-87F4-7220692EAD38}"
EndProject
Global
	GlobalSection(SolutionConfigurationPlatforms) = preSolution
		Debug|Any CPU = Debug|Any CPU
		Release|Any CPU = Release|Any CPU
	EndGlobalSection
	GlobalSection(ProjectConfigurationPlatforms) = postSolution
		{15312227-1274-4C32-87F4-7220692EAD38}.Debug|Any CPU.ActiveCfg = Debug|Any CPU
		{15312227-1274-4C32-87F4-7220692EAD38}.Debug|Any CPU.Build.0 = Debug|Any CPU
		{15312227-1274-4C32-87F4-7220692EAD38}.Release|Any CPU.ActiveCfg = Release|Any CPU
		{15312227-1274-4C32-87F4-7220692EAD38}.Release|Any CPU.Build.0 = Release|Any CPU
	EndGlobalSection
	GlobalSection(SolutionProperties) = preSolution
		HideSolutionNode = FALSE
	EndGlobalSection
	GlobalSection(ExtensibilityGlobals) = postSolution
		SolutionGuid = {625F9712-4C0E-4B56-80A1-D08B619331FB}
	EndGlobalSection
EndGlobal
