
Microsoft Visual Studio Solution File, Format Version 12.00
# Visual Studio Version 17
VisualStudioVersion = 17.9.34622.214
MinimumVisualStudioVersion = 10.0.40219.1
Project("{FAE04EC0-301F-11D3-BF4B-00C04F79EFBC}") = "Testes", "Testes\Testes.csproj", "{74C363B6-C6D1-4A10-A339-E6120062AA7C}"
EndProject
Global
	GlobalSection(SolutionConfigurationPlatforms) = preSolution
		Debug|Any CPU = Debug|Any CPU
		Release|Any CPU = Release|Any CPU
	EndGlobalSection
	GlobalSection(ProjectConfigurationPlatforms) = postSolution
		{74C363B6-C6D1-4A10-A339-E6120062AA7C}.Debug|Any CPU.ActiveCfg = Debug|Any CPU
		{74C363B6-C6D1-4A10-A339-E6120062AA7C}.Debug|Any CPU.Build.0 = Debug|Any CPU
		{74C363B6-C6D1-4A10-A339-E6120062AA7C}.Release|Any CPU.ActiveCfg = Release|Any CPU
		{74C363B6-C6D1-4A10-A339-E6120062AA7C}.Release|Any CPU.Build.0 = Release|Any CPU
	EndGlobalSection
	GlobalSection(SolutionProperties) = preSolution
		HideSolutionNode = FALSE
	EndGlobalSection
	GlobalSection(ExtensibilityGlobals) = postSolution
		SolutionGuid = {548F21CF-2D1D-4E25-A632-09DAB5D45724}
	EndGlobalSection
EndGlobal
