
Microsoft Visual Studio Solution File, Format Version 12.00
# Visual Studio Version 17
VisualStudioVersion = 17.9.34616.47
MinimumVisualStudioVersion = 10.0.40219.1
Project("{FAE04EC0-301F-11D3-BF4B-00C04F79EFBC}") = "1041-Coordenadas-de-um-Ponto", "1041-Coordenadas-de-um-Ponto\1041-Coordenadas-de-um-Ponto.csproj", "{FF073388-8B57-453E-90A3-DDC660B3E973}"
EndProject
Global
	GlobalSection(SolutionConfigurationPlatforms) = preSolution
		Debug|Any CPU = Debug|Any CPU
		Release|Any CPU = Release|Any CPU
	EndGlobalSection
	GlobalSection(ProjectConfigurationPlatforms) = postSolution
		{FF073388-8B57-453E-90A3-DDC660B3E973}.Debug|Any CPU.ActiveCfg = Debug|Any CPU
		{FF073388-8B57-453E-90A3-DDC660B3E973}.Debug|Any CPU.Build.0 = Debug|Any CPU
		{FF073388-8B57-453E-90A3-DDC660B3E973}.Release|Any CPU.ActiveCfg = Release|Any CPU
		{FF073388-8B57-453E-90A3-DDC660B3E973}.Release|Any CPU.Build.0 = Release|Any CPU
	EndGlobalSection
	GlobalSection(SolutionProperties) = preSolution
		HideSolutionNode = FALSE
	EndGlobalSection
	GlobalSection(ExtensibilityGlobals) = postSolution
		SolutionGuid = {EE83E5AF-0EC6-4E6E-8DE9-66CB58E4E9F3}
	EndGlobalSection
EndGlobal
