
Microsoft Visual Studio Solution File, Format Version 12.00
# Visual Studio Version 17
VisualStudioVersion = 17.9.34714.143
MinimumVisualStudioVersion = 10.0.40219.1
Project("{FAE04EC0-301F-11D3-BF4B-00C04F79EFBC}") = "1064-Positivos-Media", "1064-Positivos-Media\1064-Positivos-Media.csproj", "{AEBADA81-3BA1-4B1E-9571-82EE254BF712}"
EndProject
Global
	GlobalSection(SolutionConfigurationPlatforms) = preSolution
		Debug|Any CPU = Debug|Any CPU
		Release|Any CPU = Release|Any CPU
	EndGlobalSection
	GlobalSection(ProjectConfigurationPlatforms) = postSolution
		{AEBADA81-3BA1-4B1E-9571-82EE254BF712}.Debug|Any CPU.ActiveCfg = Debug|Any CPU
		{AEBADA81-3BA1-4B1E-9571-82EE254BF712}.Debug|Any CPU.Build.0 = Debug|Any CPU
		{AEBADA81-3BA1-4B1E-9571-82EE254BF712}.Release|Any CPU.ActiveCfg = Release|Any CPU
		{AEBADA81-3BA1-4B1E-9571-82EE254BF712}.Release|Any CPU.Build.0 = Release|Any CPU
	EndGlobalSection
	GlobalSection(SolutionProperties) = preSolution
		HideSolutionNode = FALSE
	EndGlobalSection
	GlobalSection(ExtensibilityGlobals) = postSolution
		SolutionGuid = {1815D413-5533-4245-9EC8-DF618A0C6396}
	EndGlobalSection
EndGlobal
