
Microsoft Visual Studio Solution File, Format Version 12.00
# Visual Studio Version 17
VisualStudioVersion = 17.9.34622.214
MinimumVisualStudioVersion = 10.0.40219.1
Project("{FAE04EC0-301F-11D3-BF4B-00C04F79EFBC}") = "1114-Senha-Fixa", "1114-Senha-Fixa\1114-Senha-Fixa.csproj", "{79BF2E08-C2B3-439D-8A89-78A7DB52A200}"
EndProject
Global
	GlobalSection(SolutionConfigurationPlatforms) = preSolution
		Debug|Any CPU = Debug|Any CPU
		Release|Any CPU = Release|Any CPU
	EndGlobalSection
	GlobalSection(ProjectConfigurationPlatforms) = postSolution
		{79BF2E08-C2B3-439D-8A89-78A7DB52A200}.Debug|Any CPU.ActiveCfg = Debug|Any CPU
		{79BF2E08-C2B3-439D-8A89-78A7DB52A200}.Debug|Any CPU.Build.0 = Debug|Any CPU
		{79BF2E08-C2B3-439D-8A89-78A7DB52A200}.Release|Any CPU.ActiveCfg = Release|Any CPU
		{79BF2E08-C2B3-439D-8A89-78A7DB52A200}.Release|Any CPU.Build.0 = Release|Any CPU
	EndGlobalSection
	GlobalSection(SolutionProperties) = preSolution
		HideSolutionNode = FALSE
	EndGlobalSection
	GlobalSection(ExtensibilityGlobals) = postSolution
		SolutionGuid = {BE68298B-1A5B-4BE2-8908-BFF0B7F9DBE9}
	EndGlobalSection
EndGlobal
