
Microsoft Visual Studio Solution File, Format Version 12.00
# Visual Studio Version 17
VisualStudioVersion = 17.9.34622.214
MinimumVisualStudioVersion = 10.0.40219.1
Project("{FAE04EC0-301F-11D3-BF4B-00C04F79EFBC}") = "1118-Varias-Notas-com-Validacao", "1118-Varias-Notas-com-Validacao\1118-Varias-Notas-com-Validacao.csproj", "{8431EB73-1D16-4C8B-A9E9-39D9D913FCDD}"
EndProject
Global
	GlobalSection(SolutionConfigurationPlatforms) = preSolution
		Debug|Any CPU = Debug|Any CPU
		Release|Any CPU = Release|Any CPU
	EndGlobalSection
	GlobalSection(ProjectConfigurationPlatforms) = postSolution
		{8431EB73-1D16-4C8B-A9E9-39D9D913FCDD}.Debug|Any CPU.ActiveCfg = Debug|Any CPU
		{8431EB73-1D16-4C8B-A9E9-39D9D913FCDD}.Debug|Any CPU.Build.0 = Debug|Any CPU
		{8431EB73-1D16-4C8B-A9E9-39D9D913FCDD}.Release|Any CPU.ActiveCfg = Release|Any CPU
		{8431EB73-1D16-4C8B-A9E9-39D9D913FCDD}.Release|Any CPU.Build.0 = Release|Any CPU
	EndGlobalSection
	GlobalSection(SolutionProperties) = preSolution
		HideSolutionNode = FALSE
	EndGlobalSection
	GlobalSection(ExtensibilityGlobals) = postSolution
		SolutionGuid = {92854953-3BF8-4C66-BF5A-D8B7F62ACFBA}
	EndGlobalSection
EndGlobal
