
Microsoft Visual Studio Solution File, Format Version 12.00
# Visual Studio Version 17
VisualStudioVersion = 17.9.34714.143
MinimumVisualStudioVersion = 10.0.40219.1
Project("{FAE04EC0-301F-11D3-BF4B-00C04F79EFBC}") = "1133-Resto-Da-Divisao", "1133-Resto-Da-Divisao\1133-Resto-Da-Divisao.csproj", "{47ED0343-1348-4A51-A748-BCCFB8E80F1E}"
EndProject
Global
	GlobalSection(SolutionConfigurationPlatforms) = preSolution
		Debug|Any CPU = Debug|Any CPU
		Release|Any CPU = Release|Any CPU
	EndGlobalSection
	GlobalSection(ProjectConfigurationPlatforms) = postSolution
		{47ED0343-1348-4A51-A748-BCCFB8E80F1E}.Debug|Any CPU.ActiveCfg = Debug|Any CPU
		{47ED0343-1348-4A51-A748-BCCFB8E80F1E}.Debug|Any CPU.Build.0 = Debug|Any CPU
		{47ED0343-1348-4A51-A748-BCCFB8E80F1E}.Release|Any CPU.ActiveCfg = Release|Any CPU
		{47ED0343-1348-4A51-A748-BCCFB8E80F1E}.Release|Any CPU.Build.0 = Release|Any CPU
	EndGlobalSection
	GlobalSection(SolutionProperties) = preSolution
		HideSolutionNode = FALSE
	EndGlobalSection
	GlobalSection(ExtensibilityGlobals) = postSolution
		SolutionGuid = {05F6B86C-FF9C-4F7E-83A2-8B1EA7B2AE4B}
	EndGlobalSection
EndGlobal
