
Microsoft Visual Studio Solution File, Format Version 12.00
# Visual Studio Version 17
VisualStudioVersion = 17.9.34714.143
MinimumVisualStudioVersion = 10.0.40219.1
Project("{FAE04EC0-301F-11D3-BF4B-00C04F79EFBC}") = "1070-Seis-Numeros-Impares-Consecutivos", "1070-Seis-Numeros-Impares-Consecutivos\1070-Seis-Numeros-Impares-Consecutivos.csproj", "{AD2E66EE-33D9-43C2-9FAD-A522EF621EA2}"
EndProject
Global
	GlobalSection(SolutionConfigurationPlatforms) = preSolution
		Debug|Any CPU = Debug|Any CPU
		Release|Any CPU = Release|Any CPU
	EndGlobalSection
	GlobalSection(ProjectConfigurationPlatforms) = postSolution
		{AD2E66EE-33D9-43C2-9FAD-A522EF621EA2}.Debug|Any CPU.ActiveCfg = Debug|Any CPU
		{AD2E66EE-33D9-43C2-9FAD-A522EF621EA2}.Debug|Any CPU.Build.0 = Debug|Any CPU
		{AD2E66EE-33D9-43C2-9FAD-A522EF621EA2}.Release|Any CPU.ActiveCfg = Release|Any CPU
		{AD2E66EE-33D9-43C2-9FAD-A522EF621EA2}.Release|Any CPU.Build.0 = Release|Any CPU
	EndGlobalSection
	GlobalSection(SolutionProperties) = preSolution
		HideSolutionNode = FALSE
	EndGlobalSection
	GlobalSection(ExtensibilityGlobals) = postSolution
		SolutionGuid = {F857A422-A56F-4E3F-B22B-E220DC147D47}
	EndGlobalSection
EndGlobal
