
Microsoft Visual Studio Solution File, Format Version 12.00
# Visual Studio Version 17
VisualStudioVersion = 17.9.34616.47
MinimumVisualStudioVersion = 10.0.40219.1
Project("{FAE04EC0-301F-11D3-BF4B-00C04F79EFBC}") = "1040-Media-3", "1040-Media-3\1040-Media-3.csproj", "{BD5EAFF4-038A-43FE-8775-F2E956A3BE98}"
EndProject
Global
	GlobalSection(SolutionConfigurationPlatforms) = preSolution
		Debug|Any CPU = Debug|Any CPU
		Release|Any CPU = Release|Any CPU
	EndGlobalSection
	GlobalSection(ProjectConfigurationPlatforms) = postSolution
		{BD5EAFF4-038A-43FE-8775-F2E956A3BE98}.Debug|Any CPU.ActiveCfg = Debug|Any CPU
		{BD5EAFF4-038A-43FE-8775-F2E956A3BE98}.Debug|Any CPU.Build.0 = Debug|Any CPU
		{BD5EAFF4-038A-43FE-8775-F2E956A3BE98}.Release|Any CPU.ActiveCfg = Release|Any CPU
		{BD5EAFF4-038A-43FE-8775-F2E956A3BE98}.Release|Any CPU.Build.0 = Release|Any CPU
	EndGlobalSection
	GlobalSection(SolutionProperties) = preSolution
		HideSolutionNode = FALSE
	EndGlobalSection
	GlobalSection(ExtensibilityGlobals) = postSolution
		SolutionGuid = {1D4847C6-F944-4CAC-AC65-6CC607B9F238}
	EndGlobalSection
EndGlobal
