
Microsoft Visual Studio Solution File, Format Version 12.00
# Visual Studio Version 17
VisualStudioVersion = 17.9.34714.143
MinimumVisualStudioVersion = 10.0.40219.1
Project("{FAE04EC0-301F-11D3-BF4B-00C04F79EFBC}") = "1065-Pares-Entre-Cinco-Numeros", "1065-Pares-Entre-Cinco-Numeros\1065-Pares-Entre-Cinco-Numeros.csproj", "{21373DC9-7265-4A65-87C8-E6BC510A275C}"
EndProject
Global
	GlobalSection(SolutionConfigurationPlatforms) = preSolution
		Debug|Any CPU = Debug|Any CPU
		Release|Any CPU = Release|Any CPU
	EndGlobalSection
	GlobalSection(ProjectConfigurationPlatforms) = postSolution
		{21373DC9-7265-4A65-87C8-E6BC510A275C}.Debug|Any CPU.ActiveCfg = Debug|Any CPU
		{21373DC9-7265-4A65-87C8-E6BC510A275C}.Debug|Any CPU.Build.0 = Debug|Any CPU
		{21373DC9-7265-4A65-87C8-E6BC510A275C}.Release|Any CPU.ActiveCfg = Release|Any CPU
		{21373DC9-7265-4A65-87C8-E6BC510A275C}.Release|Any CPU.Build.0 = Release|Any CPU
	EndGlobalSection
	GlobalSection(SolutionProperties) = preSolution
		HideSolutionNode = FALSE
	EndGlobalSection
	GlobalSection(ExtensibilityGlobals) = postSolution
		SolutionGuid = {E8382B95-C60F-4D47-A157-F0670EC83EBE}
	EndGlobalSection
EndGlobal
