
Microsoft Visual Studio Solution File, Format Version 12.00
# Visual Studio Version 17
VisualStudioVersion = 17.9.34622.214
MinimumVisualStudioVersion = 10.0.40219.1
Project("{FAE04EC0-301F-11D3-BF4B-00C04F79EFBC}") = "1079-Medias-Ponderadas", "1079-Medias-Ponderadas\1079-Medias-Ponderadas.csproj", "{90B4322A-7482-4CCE-B930-58CC4BE6C594}"
EndProject
Global
	GlobalSection(SolutionConfigurationPlatforms) = preSolution
		Debug|Any CPU = Debug|Any CPU
		Release|Any CPU = Release|Any CPU
	EndGlobalSection
	GlobalSection(ProjectConfigurationPlatforms) = postSolution
		{90B4322A-7482-4CCE-B930-58CC4BE6C594}.Debug|Any CPU.ActiveCfg = Debug|Any CPU
		{90B4322A-7482-4CCE-B930-58CC4BE6C594}.Debug|Any CPU.Build.0 = Debug|Any CPU
		{90B4322A-7482-4CCE-B930-58CC4BE6C594}.Release|Any CPU.ActiveCfg = Release|Any CPU
		{90B4322A-7482-4CCE-B930-58CC4BE6C594}.Release|Any CPU.Build.0 = Release|Any CPU
	EndGlobalSection
	GlobalSection(SolutionProperties) = preSolution
		HideSolutionNode = FALSE
	EndGlobalSection
	GlobalSection(ExtensibilityGlobals) = postSolution
		SolutionGuid = {6B7C790C-7E36-4842-8E1D-2BA04B9FF8DB}
	EndGlobalSection
EndGlobal
