
Microsoft Visual Studio Solution File, Format Version 12.00
# Visual Studio Version 17
VisualStudioVersion = 17.9.34616.47
MinimumVisualStudioVersion = 10.0.40219.1
Project("{FAE04EC0-301F-11D3-BF4B-00C04F79EFBC}") = "1019-Conversao-De-Tempo", "1019-Conversao-De-Tempo\1019-Conversao-De-Tempo.csproj", "{7994FE0A-9DB0-47C7-BEFB-0958E8CE6213}"
EndProject
Global
	GlobalSection(SolutionConfigurationPlatforms) = preSolution
		Debug|Any CPU = Debug|Any CPU
		Release|Any CPU = Release|Any CPU
	EndGlobalSection
	GlobalSection(ProjectConfigurationPlatforms) = postSolution
		{7994FE0A-9DB0-47C7-BEFB-0958E8CE6213}.Debug|Any CPU.ActiveCfg = Debug|Any CPU
		{7994FE0A-9DB0-47C7-BEFB-0958E8CE6213}.Debug|Any CPU.Build.0 = Debug|Any CPU
		{7994FE0A-9DB0-47C7-BEFB-0958E8CE6213}.Release|Any CPU.ActiveCfg = Release|Any CPU
		{7994FE0A-9DB0-47C7-BEFB-0958E8CE6213}.Release|Any CPU.Build.0 = Release|Any CPU
	EndGlobalSection
	GlobalSection(SolutionProperties) = preSolution
		HideSolutionNode = FALSE
	EndGlobalSection
	GlobalSection(ExtensibilityGlobals) = postSolution
		SolutionGuid = {725C1796-98DA-49FC-A64C-A45864ABDC38}
	EndGlobalSection
EndGlobal
