
Microsoft Visual Studio Solution File, Format Version 12.00
# Visual Studio Version 17
VisualStudioVersion = 17.9.34616.47
MinimumVisualStudioVersion = 10.0.40219.1
Project("{FAE04EC0-301F-11D3-BF4B-00C04F79EFBC}") = "1004-Produto-Simples", "1004-Produto-Simples\1004-Produto-Simples.csproj", "{1ECBCE50-F59F-40A4-9A03-DC1125EAFDFE}"
EndProject
Global
	GlobalSection(SolutionConfigurationPlatforms) = preSolution
		Debug|Any CPU = Debug|Any CPU
		Release|Any CPU = Release|Any CPU
	EndGlobalSection
	GlobalSection(ProjectConfigurationPlatforms) = postSolution
		{1ECBCE50-F59F-40A4-9A03-DC1125EAFDFE}.Debug|Any CPU.ActiveCfg = Debug|Any CPU
		{1ECBCE50-F59F-40A4-9A03-DC1125EAFDFE}.Debug|Any CPU.Build.0 = Debug|Any CPU
		{1ECBCE50-F59F-40A4-9A03-DC1125EAFDFE}.Release|Any CPU.ActiveCfg = Release|Any CPU
		{1ECBCE50-F59F-40A4-9A03-DC1125EAFDFE}.Release|Any CPU.Build.0 = Release|Any CPU
	EndGlobalSection
	GlobalSection(SolutionProperties) = preSolution
		HideSolutionNode = FALSE
	EndGlobalSection
	GlobalSection(ExtensibilityGlobals) = postSolution
		SolutionGuid = {24F51059-E8FC-486F-B33D-0C94E2DD56CB}
	EndGlobalSection
EndGlobal
