
Microsoft Visual Studio Solution File, Format Version 12.00
# Visual Studio Version 17
VisualStudioVersion = 17.9.34616.47
MinimumVisualStudioVersion = 10.0.40219.1
Project("{FAE04EC0-301F-11D3-BF4B-00C04F79EFBC}") = "1018-Cedulas", "1018-Cedulas\1018-Cedulas.csproj", "{7DE41AAE-C95C-47A6-B647-A803B00F27C8}"
EndProject
Global
	GlobalSection(SolutionConfigurationPlatforms) = preSolution
		Debug|Any CPU = Debug|Any CPU
		Release|Any CPU = Release|Any CPU
	EndGlobalSection
	GlobalSection(ProjectConfigurationPlatforms) = postSolution
		{7DE41AAE-C95C-47A6-B647-A803B00F27C8}.Debug|Any CPU.ActiveCfg = Debug|Any CPU
		{7DE41AAE-C95C-47A6-B647-A803B00F27C8}.Debug|Any CPU.Build.0 = Debug|Any CPU
		{7DE41AAE-C95C-47A6-B647-A803B00F27C8}.Release|Any CPU.ActiveCfg = Release|Any CPU
		{7DE41AAE-C95C-47A6-B647-A803B00F27C8}.Release|Any CPU.Build.0 = Release|Any CPU
	EndGlobalSection
	GlobalSection(SolutionProperties) = preSolution
		HideSolutionNode = FALSE
	EndGlobalSection
	GlobalSection(ExtensibilityGlobals) = postSolution
		SolutionGuid = {8AD412E8-BF3B-44E9-9CC6-251291AEB215}
	EndGlobalSection
EndGlobal
