
Microsoft Visual Studio Solution File, Format Version 12.00
# Visual Studio Version 17
VisualStudioVersion = 17.9.34616.47
MinimumVisualStudioVersion = 10.0.40219.1
Project("{FAE04EC0-301F-11D3-BF4B-00C04F79EFBC}") = "1037-Intervalo", "1037-Intervalo\1037-Intervalo.csproj", "{676F08F1-EAD9-4232-A3B1-650DD65FD2A3}"
EndProject
Global
	GlobalSection(SolutionConfigurationPlatforms) = preSolution
		Debug|Any CPU = Debug|Any CPU
		Release|Any CPU = Release|Any CPU
	EndGlobalSection
	GlobalSection(ProjectConfigurationPlatforms) = postSolution
		{676F08F1-EAD9-4232-A3B1-650DD65FD2A3}.Debug|Any CPU.ActiveCfg = Debug|Any CPU
		{676F08F1-EAD9-4232-A3B1-650DD65FD2A3}.Debug|Any CPU.Build.0 = Debug|Any CPU
		{676F08F1-EAD9-4232-A3B1-650DD65FD2A3}.Release|Any CPU.ActiveCfg = Release|Any CPU
		{676F08F1-EAD9-4232-A3B1-650DD65FD2A3}.Release|Any CPU.Build.0 = Release|Any CPU
	EndGlobalSection
	GlobalSection(SolutionProperties) = preSolution
		HideSolutionNode = FALSE
	EndGlobalSection
	GlobalSection(ExtensibilityGlobals) = postSolution
		SolutionGuid = {CBB18264-C410-444B-B5E2-13549A2347DD}
	EndGlobalSection
EndGlobal
