
Microsoft Visual Studio Solution File, Format Version 12.00
# Visual Studio Version 17
VisualStudioVersion = 17.9.34622.214
MinimumVisualStudioVersion = 10.0.40219.1
Project("{FAE04EC0-301F-11D3-BF4B-00C04F79EFBC}") = "1072-Intervalo-2", "1072-Intervalo-2\1072-Intervalo-2.csproj", "{53387B3D-AE9D-43E9-833A-96315C160DF5}"
EndProject
Global
	GlobalSection(SolutionConfigurationPlatforms) = preSolution
		Debug|Any CPU = Debug|Any CPU
		Release|Any CPU = Release|Any CPU
	EndGlobalSection
	GlobalSection(ProjectConfigurationPlatforms) = postSolution
		{53387B3D-AE9D-43E9-833A-96315C160DF5}.Debug|Any CPU.ActiveCfg = Debug|Any CPU
		{53387B3D-AE9D-43E9-833A-96315C160DF5}.Debug|Any CPU.Build.0 = Debug|Any CPU
		{53387B3D-AE9D-43E9-833A-96315C160DF5}.Release|Any CPU.ActiveCfg = Release|Any CPU
		{53387B3D-AE9D-43E9-833A-96315C160DF5}.Release|Any CPU.Build.0 = Release|Any CPU
	EndGlobalSection
	GlobalSection(SolutionProperties) = preSolution
		HideSolutionNode = FALSE
	EndGlobalSection
	GlobalSection(ExtensibilityGlobals) = postSolution
		SolutionGuid = {368F2070-411A-499E-823D-C0E2A5E703D2}
	EndGlobalSection
EndGlobal
