
Microsoft Visual Studio Solution File, Format Version 12.00
# Visual Studio Version 17
VisualStudioVersion = 17.9.34723.18
MinimumVisualStudioVersion = 10.0.40219.1
Project("{FAE04EC0-301F-11D3-BF4B-00C04F79EFBC}") = "1142-PUM", "1142-PUM\1142-PUM.csproj", "{E34C5F4E-DAA8-4BCC-BDD3-39AE7D1D8706}"
EndProject
Global
	GlobalSection(SolutionConfigurationPlatforms) = preSolution
		Debug|Any CPU = Debug|Any CPU
		Release|Any CPU = Release|Any CPU
	EndGlobalSection
	GlobalSection(ProjectConfigurationPlatforms) = postSolution
		{E34C5F4E-DAA8-4BCC-BDD3-39AE7D1D8706}.Debug|Any CPU.ActiveCfg = Debug|Any CPU
		{E34C5F4E-DAA8-4BCC-BDD3-39AE7D1D8706}.Debug|Any CPU.Build.0 = Debug|Any CPU
		{E34C5F4E-DAA8-4BCC-BDD3-39AE7D1D8706}.Release|Any CPU.ActiveCfg = Release|Any CPU
		{E34C5F4E-DAA8-4BCC-BDD3-39AE7D1D8706}.Release|Any CPU.Build.0 = Release|Any CPU
	EndGlobalSection
	GlobalSection(SolutionProperties) = preSolution
		HideSolutionNode = FALSE
	EndGlobalSection
	GlobalSection(ExtensibilityGlobals) = postSolution
		SolutionGuid = {7237FE37-82EC-41D2-86AE-1CDB41DED1F3}
	EndGlobalSection
EndGlobal
