
Microsoft Visual Studio Solution File, Format Version 12.00
# Visual Studio Version 17
VisualStudioVersion = 17.9.34622.214
MinimumVisualStudioVersion = 10.0.40219.1
Project("{FAE04EC0-301F-11D3-BF4B-00C04F79EFBC}") = "1159-Soma-de-Pares-Consecutivos", "1159-Soma-de-Pares-Consecutivos\1159-Soma-de-Pares-Consecutivos.csproj", "{73086992-514C-4ACA-98E0-B64CCB1DCD56}"
EndProject
Global
	GlobalSection(SolutionConfigurationPlatforms) = preSolution
		Debug|Any CPU = Debug|Any CPU
		Release|Any CPU = Release|Any CPU
	EndGlobalSection
	GlobalSection(ProjectConfigurationPlatforms) = postSolution
		{73086992-514C-4ACA-98E0-B64CCB1DCD56}.Debug|Any CPU.ActiveCfg = Debug|Any CPU
		{73086992-514C-4ACA-98E0-B64CCB1DCD56}.Debug|Any CPU.Build.0 = Debug|Any CPU
		{73086992-514C-4ACA-98E0-B64CCB1DCD56}.Release|Any CPU.ActiveCfg = Release|Any CPU
		{73086992-514C-4ACA-98E0-B64CCB1DCD56}.Release|Any CPU.Build.0 = Release|Any CPU
	EndGlobalSection
	GlobalSection(SolutionProperties) = preSolution
		HideSolutionNode = FALSE
	EndGlobalSection
	GlobalSection(ExtensibilityGlobals) = postSolution
		SolutionGuid = {634261BC-7538-4B21-905F-926C7D9B5756}
	EndGlobalSection
EndGlobal
