
Microsoft Visual Studio Solution File, Format Version 12.00
# Visual Studio Version 17
VisualStudioVersion = 17.9.34728.123
MinimumVisualStudioVersion = 10.0.40219.1
Project("{FAE04EC0-301F-11D3-BF4B-00C04F79EFBC}") = "1164-Numero-Perfeito", "1164-Numero-Perfeito\1164-Numero-Perfeito.csproj", "{AC086476-0222-4518-A4F2-8F2E4B3CFFEA}"
EndProject
Global
	GlobalSection(SolutionConfigurationPlatforms) = preSolution
		Debug|Any CPU = Debug|Any CPU
		Release|Any CPU = Release|Any CPU
	EndGlobalSection
	GlobalSection(ProjectConfigurationPlatforms) = postSolution
		{AC086476-0222-4518-A4F2-8F2E4B3CFFEA}.Debug|Any CPU.ActiveCfg = Debug|Any CPU
		{AC086476-0222-4518-A4F2-8F2E4B3CFFEA}.Debug|Any CPU.Build.0 = Debug|Any CPU
		{AC086476-0222-4518-A4F2-8F2E4B3CFFEA}.Release|Any CPU.ActiveCfg = Release|Any CPU
		{AC086476-0222-4518-A4F2-8F2E4B3CFFEA}.Release|Any CPU.Build.0 = Release|Any CPU
	EndGlobalSection
	GlobalSection(SolutionProperties) = preSolution
		HideSolutionNode = FALSE
	EndGlobalSection
	GlobalSection(ExtensibilityGlobals) = postSolution
		SolutionGuid = {E2EFE3E2-140E-4E34-B726-77C457DABD63}
	EndGlobalSection
EndGlobal
