
Microsoft Visual Studio Solution File, Format Version 12.00
# Visual Studio Version 17
VisualStudioVersion = 17.9.34616.47
MinimumVisualStudioVersion = 10.0.40219.1
Project("{FAE04EC0-301F-11D3-BF4B-00C04F79EFBC}") = "1010-Calculo-Simples", "1010-Calculo-Simples\1010-Calculo-Simples.csproj", "{7666FD1F-65B2-4FD4-ADA8-6DCCEAB5AD9A}"
EndProject
Global
	GlobalSection(SolutionConfigurationPlatforms) = preSolution
		Debug|Any CPU = Debug|Any CPU
		Release|Any CPU = Release|Any CPU
	EndGlobalSection
	GlobalSection(ProjectConfigurationPlatforms) = postSolution
		{7666FD1F-65B2-4FD4-ADA8-6DCCEAB5AD9A}.Debug|Any CPU.ActiveCfg = Debug|Any CPU
		{7666FD1F-65B2-4FD4-ADA8-6DCCEAB5AD9A}.Debug|Any CPU.Build.0 = Debug|Any CPU
		{7666FD1F-65B2-4FD4-ADA8-6DCCEAB5AD9A}.Release|Any CPU.ActiveCfg = Release|Any CPU
		{7666FD1F-65B2-4FD4-ADA8-6DCCEAB5AD9A}.Release|Any CPU.Build.0 = Release|Any CPU
	EndGlobalSection
	GlobalSection(SolutionProperties) = preSolution
		HideSolutionNode = FALSE
	EndGlobalSection
	GlobalSection(ExtensibilityGlobals) = postSolution
		SolutionGuid = {159A7BF8-45C0-4F00-B3DB-9500535F0422}
	EndGlobalSection
EndGlobal
