
Microsoft Visual Studio Solution File, Format Version 12.00
# Visual Studio Version 17
VisualStudioVersion = 17.9.34616.47
MinimumVisualStudioVersion = 10.0.40219.1
Project("{FAE04EC0-301F-11D3-BF4B-00C04F79EFBC}") = "1020-Idade-Em-Dias", "1020-Idade-Em-Dias\1020-Idade-Em-Dias.csproj", "{1866FBD5-7F99-4C51-9CC0-CDBC971E9DEC}"
EndProject
Global
	GlobalSection(SolutionConfigurationPlatforms) = preSolution
		Debug|Any CPU = Debug|Any CPU
		Release|Any CPU = Release|Any CPU
	EndGlobalSection
	GlobalSection(ProjectConfigurationPlatforms) = postSolution
		{1866FBD5-7F99-4C51-9CC0-CDBC971E9DEC}.Debug|Any CPU.ActiveCfg = Debug|Any CPU
		{1866FBD5-7F99-4C51-9CC0-CDBC971E9DEC}.Debug|Any CPU.Build.0 = Debug|Any CPU
		{1866FBD5-7F99-4C51-9CC0-CDBC971E9DEC}.Release|Any CPU.ActiveCfg = Release|Any CPU
		{1866FBD5-7F99-4C51-9CC0-CDBC971E9DEC}.Release|Any CPU.Build.0 = Release|Any CPU
	EndGlobalSection
	GlobalSection(SolutionProperties) = preSolution
		HideSolutionNode = FALSE
	EndGlobalSection
	GlobalSection(ExtensibilityGlobals) = postSolution
		SolutionGuid = {12C9075B-EB60-4E7A-918A-54AD6CABE956}
	EndGlobalSection
EndGlobal
