
Microsoft Visual Studio Solution File, Format Version 12.00
# Visual Studio Version 17
VisualStudioVersion = 17.9.34622.214
MinimumVisualStudioVersion = 10.0.40219.1
Project("{FAE04EC0-301F-11D3-BF4B-00C04F79EFBC}") = "Celcius-Em-Fahrenheit", "Celcius-Em-Fahrenheit\Celcius-Em-Fahrenheit.csproj", "{0801EB28-EB4D-4E60-B347-6C12B5B7B308}"
EndProject
Global
	GlobalSection(SolutionConfigurationPlatforms) = preSolution
		Debug|Any CPU = Debug|Any CPU
		Release|Any CPU = Release|Any CPU
	EndGlobalSection
	GlobalSection(ProjectConfigurationPlatforms) = postSolution
		{0801EB28-EB4D-4E60-B347-6C12B5B7B308}.Debug|Any CPU.ActiveCfg = Debug|Any CPU
		{0801EB28-EB4D-4E60-B347-6C12B5B7B308}.Debug|Any CPU.Build.0 = Debug|Any CPU
		{0801EB28-EB4D-4E60-B347-6C12B5B7B308}.Release|Any CPU.ActiveCfg = Release|Any CPU
		{0801EB28-EB4D-4E60-B347-6C12B5B7B308}.Release|Any CPU.Build.0 = Release|Any CPU
	EndGlobalSection
	GlobalSection(SolutionProperties) = preSolution
		HideSolutionNode = FALSE
	EndGlobalSection
	GlobalSection(ExtensibilityGlobals) = postSolution
		SolutionGuid = {44830121-153E-4F91-B20F-BEFB18796F7A}
	EndGlobalSection
EndGlobal
